{
  "name": "猿人学14",
  "lockfileVersion": 3,
  "requires": true,
  "packages": {
    "": {
      "dependencies": {
        "Buffer": "^0.0.0"
      }
    },
    "node_modules/Buffer": {
      "version": "0.0.0",
      "resolved": "https://registry.npmjs.org/Buffer/-/Buffer-0.0.0.tgz",
      "integrity": "sha512-+zdncl8lI5TCkARStn9F1BwcuJYofYmD0oEHe5FNfCvGfeDJwf6+dSikCdQN6BMXXmHMhNNUagBN367WST1AIQ==",
      "engines": {
        "node": ">= 0.2.0"
      }
    }
  }
}
