{
  "name": "猿人学15",
  "lockfileVersion": 3,
  "requires": true,
  "packages": {
    "": {
      "dependencies": {
        "wasm2js": "^0.2.0"
      }
    },
    "node_modules/minimist": {
      "version": "1.2.8",
      "resolved": "https://registry.npmjs.org/minimist/-/minimist-1.2.8.tgz",
      "integrity": "sha512-2yyAR8qBkN3YuheJanUpWC5U3bb5osDywNB8RzDVlDwDHbocAJveqqj1u8+SVD7jkWT4yvsHCpWqqWqAxb0zCA==",
      "funding": {
        "url": "https://github.com/sponsors/ljharb"
      }
    },
    "node_modules/wasm2js": {
      "version": "0.2.0",
      "resolved": "https://registry.npmjs.org/wasm2js/-/wasm2js-0.2.0.tgz",
      "integrity": "sha512-nQVER3bUF9mMdQxtUZS1rW7r3goy6+TZz+FqmILJLrPRASn/2K15yc1lNWyYLh9A/TkD+l7c22aMcpTCLr+ApA==",
      "dependencies": {
        "minimist": "~1.2.0"
      },
      "bin": {
        "wasm2js": "bin/wasm2js"
      }
    }
  }
}
