{
  "name": "猿人学21",
  "lockfileVersion": 3,
  "requires": true,
  "packages": {
    "": {
      "dependencies": {
        "btoa-atob": "^0.1.2",
        "crypto-js": "^4.2.0"
      }
    },
    "node_modules/btoa-atob": {
      "version": "0.1.2",
      "resolved": "https://registry.npmmirror.com/btoa-atob/-/btoa-atob-0.1.2.tgz",
      "integrity": "sha512-P5vxeWDuZq7MIrk0NeqzmzQg25A/TtnpahiT/JNtB0VSrJW+C7KwvTnCwXKA/3+Cmrcb8bfUxJSttguy8pWFdg==",
      "bin": {
        "atob": "atob",
        "btoa": "btoa"
      },
      "engines": {
        "node": "*"
      }
    },
    "node_modules/crypto-js": {
      "version": "4.2.0",
      "resolved": "https://registry.npmmirror.com/crypto-js/-/crypto-js-4.2.0.tgz",
      "integrity": "sha512-KALDyEYgpY+Rlob/iriUtjV6d5Eq+Y191A5g4UqLAi8CyGP9N1+FdVbkc1SxKc2r4YAYqG8JzO2KGL+AizD70Q=="
    }
  }
}
